
Microsoft Visual Studio Solution File, Format Version 12.00
# Visual Studio 2012
Project("{FAE04EC0-301F-11D3-BF4B-00C04F79EFBC}") = "LessStupidPath", "src\LessStupidPath\LessStupidPath.csproj", "{86B605AB-1942-410F-B37A-DF6A8637DF57}"
EndProject
Project("{2150E333-8FDC-42A3-9474-1A3956D46DE8}") = "Implementation", "Implementation", "{BB7BE1D5-9FC2-4433-B174-C4B5F6EF60C3}"
EndProject
Project("{2150E333-8FDC-42A3-9474-1A3956D46DE8}") = "Tests", "Tests", "{165446B5-080C-4175-A0FA-7A333FBBCEE7}"
EndProject
Project("{FAE04EC0-301F-11D3-BF4B-00C04F79EFBC}") = "LessStupidPath.Unit.Tests", "src\LessSrupidPath.Unit.Tests\LessStupidPath.Unit.Tests.csproj", "{9A1FB8EA-1A41-4F0F-92A0-E5CA9D9BE3C8}"
EndProject
Global
	GlobalSection(SolutionConfigurationPlatforms) = preSolution
		Debug|Any CPU = Debug|Any CPU
		Release|Any CPU = Release|Any CPU
	EndGlobalSection
	GlobalSection(ProjectConfigurationPlatforms) = postSolution
		{86B605AB-1942-410F-B37A-DF6A8637DF57}.Debug|Any CPU.ActiveCfg = Debug|Any CPU
		{86B605AB-1942-410F-B37A-DF6A8637DF57}.Debug|Any CPU.Build.0 = Debug|Any CPU
		{86B605AB-1942-410F-B37A-DF6A8637DF57}.Release|Any CPU.ActiveCfg = Release|Any CPU
		{86B605AB-1942-410F-B37A-DF6A8637DF57}.Release|Any CPU.Build.0 = Release|Any CPU
		{9A1FB8EA-1A41-4F0F-92A0-E5CA9D9BE3C8}.Debug|Any CPU.ActiveCfg = Debug|Any CPU
		{9A1FB8EA-1A41-4F0F-92A0-E5CA9D9BE3C8}.Debug|Any CPU.Build.0 = Debug|Any CPU
		{9A1FB8EA-1A41-4F0F-92A0-E5CA9D9BE3C8}.Release|Any CPU.ActiveCfg = Release|Any CPU
		{9A1FB8EA-1A41-4F0F-92A0-E5CA9D9BE3C8}.Release|Any CPU.Build.0 = Release|Any CPU
	EndGlobalSection
	GlobalSection(SolutionProperties) = preSolution
		HideSolutionNode = FALSE
	EndGlobalSection
	GlobalSection(NestedProjects) = preSolution
		{86B605AB-1942-410F-B37A-DF6A8637DF57} = {BB7BE1D5-9FC2-4433-B174-C4B5F6EF60C3}
		{9A1FB8EA-1A41-4F0F-92A0-E5CA9D9BE3C8} = {165446B5-080C-4175-A0FA-7A333FBBCEE7}
	EndGlobalSection
EndGlobal
